
Microsoft Visual Studio Solution File, Format Version 12.00
# Visual Studio Version 16
VisualStudioVersion = 16.0.29613.14
MinimumVisualStudioVersion = 10.0.40219.1
Project("{FAE04EC0-301F-11D3-BF4B-00C04F79EFBC}") = "WebApi", "WebApi\WebApi.csproj", "{FC342847-3D73-4C17-A5D8-D80EC1AF010C}"
EndProject
Global
	GlobalSection(SolutionConfigurationPlatforms) = preSolution
		Debug|Any CPU = Debug|Any CPU
		Release|Any CPU = Release|Any CPU
	EndGlobalSection
	GlobalSection(ProjectConfigurationPlatforms) = postSolution
		{FC342847-3D73-4C17-A5D8-D80EC1AF010C}.Debug|Any CPU.ActiveCfg = Debug|Any CPU
		{FC342847-3D73-4C17-A5D8-D80EC1AF010C}.Debug|Any CPU.Build.0 = Debug|Any CPU
		{FC342847-3D73-4C17-A5D8-D80EC1AF010C}.Release|Any CPU.ActiveCfg = Release|Any CPU
		{FC342847-3D73-4C17-A5D8-D80EC1AF010C}.Release|Any CPU.Build.0 = Release|Any CPU
	EndGlobalSection
	GlobalSection(SolutionProperties) = preSolution
		HideSolutionNode = FALSE
	EndGlobalSection
	GlobalSection(ExtensibilityGlobals) = postSolution
		SolutionGuid = {BF08DD64-CE66-4C8E-8F0B-A81111ECA8F9}
	EndGlobalSection
EndGlobal
